// !$*UTF8*$!
{
	archiveVersion = 1;
	classes = {
	};
	objectVersion = 54;
	objects = {

/* Begin PBXBuildFile section */
		5239CA9A0B934F30AD80F91A /* ApneaTrainerApp.swift in Sources */ = {isa = PBXBuildFile; fileRef = BE2FEF8DD56C44EEB9BC8596 /* ApneaTrainerApp.swift */; };
		7DB54D2D8C484F48AB9585A8 /* ContentView.swift in Sources */ = {isa = PBXBuildFile; fileRef = C73EBD98D9264F4BB78665C9 /* ContentView.swift */; };
		2C7A891A54EB44FDBC6905C7 /* Models/TrainingTable.swift in Sources */ = {isa = PBXBuildFile; fileRef = DB0412A0E9F74302A81C677B /* Models/TrainingTable.swift */; };
		725AE6320C1E43B9B244F070 /* Models/TimerManager.swift in Sources */ = {isa = PBXBuildFile; fileRef = 51B810B79BD84CC98A0CC5D6 /* Models/TimerManager.swift */; };
		BE99447FE76F40F5B8B73C4A /* Views/HomeView.swift in Sources */ = {isa = PBXBuildFile; fileRef = 61ABC86C8C22478F941209BC /* Views/HomeView.swift */; };
		B3BED018FD4B497B81FDF8F0 /* Views/TablesView.swift in Sources */ = {isa = PBXBuildFile; fileRef = CD010FC939904872AF64B5B0 /* Views/TablesView.swift */; };
		7D32114DEC224970B5F6D5F2 /* Views/CustomTableView.swift in Sources */ = {isa = PBXBuildFile; fileRef = 9576F1906E234E86A2D33097 /* Views/CustomTableView.swift */; };
		C676D9952F0E45309D646D7E /* Views/TimerView.swift in Sources */ = {isa = PBXBuildFile; fileRef = 550BDFB85DBF43C486BF9E69 /* Views/TimerView.swift */; };
		039A43F3A5444E6EA17CB579 /* Views/SettingsView.swift in Sources */ = {isa = PBXBuildFile; fileRef = 73EF9FAE5CEA40FA89AE8BB8 /* Views/SettingsView.swift */; };
		FAD5C40F6B87472EA50203C5 /* en.lproj/Localizable.strings in Resources */ = {isa = PBXBuildFile; fileRef = EA166D69C658425EA45C8093 /* en.lproj/Localizable.strings */; };
		28162B6ED8D4417FA560DD07 /* pl.lproj/Localizable.strings in Resources */ = {isa = PBXBuildFile; fileRef = 9157971B12C844E0A0355DB4 /* pl.lproj/Localizable.strings */; };
		B47A1FA23A544D408D0D8032 /* sv.lproj/Localizable.strings in Resources */ = {isa = PBXBuildFile; fileRef = 63DF5290ED4F4F38AAB337F1 /* sv.lproj/Localizable.strings */; };
		F2B1D22763BE4D95A937A2C9 /* ru.lproj/Localizable.strings in Resources */ = {isa = PBXBuildFile; fileRef = C044C01750574F7C9D3D2B5E /* ru.lproj/Localizable.strings */; };
		65FD4C31CEBE40A19306581C /* Assets.xcassets in Resources */ = {isa = PBXBuildFile; fileRef = 221797A5D819456595BC1ABA /* Assets.xcassets */; };
		3D806603122C416E8449E59E /* Info.plist in Resources */ = {isa = PBXBuildFile; fileRef = 8AB940322FBD4D17AADB3663 /* Info.plist */; };
/* End PBXBuildFile section */

/* Begin PBXFileReference section */
		564B8C0DD2464F179D67E39E /* ApneaTrainer.app */ = {isa = PBXFileReference; explicitFileType = wrapper.application; includeInIndex = 0; path = ApneaTrainer.app; sourceTree = BUILT_PRODUCTS_DIR; };
		BE2FEF8DD56C44EEB9BC8596 /* ApneaTrainerApp.swift */ = {isa = PBXFileReference; lastKnownFileType = sourcecode.swift; path = ApneaTrainerApp.swift; sourceTree = "<group>"; };
		C73EBD98D9264F4BB78665C9 /* ContentView.swift */ = {isa = PBXFileReference; lastKnownFileType = sourcecode.swift; path = ContentView.swift; sourceTree = "<group>"; };
		DB0412A0E9F74302A81C677B /* Models/TrainingTable.swift */ = {isa = PBXFileReference; lastKnownFileType = sourcecode.swift; path = TrainingTable.swift; sourceTree = "<group>"; };
		51B810B79BD84CC98A0CC5D6 /* Models/TimerManager.swift */ = {isa = PBXFileReference; lastKnownFileType = sourcecode.swift; path = TimerManager.swift; sourceTree = "<group>"; };
		61ABC86C8C22478F941209BC /* Views/HomeView.swift */ = {isa = PBXFileReference; lastKnownFileType = sourcecode.swift; path = HomeView.swift; sourceTree = "<group>"; };
		CD010FC939904872AF64B5B0 /* Views/TablesView.swift */ = {isa = PBXFileReference; lastKnownFileType = sourcecode.swift; path = TablesView.swift; sourceTree = "<group>"; };
		9576F1906E234E86A2D33097 /* Views/CustomTableView.swift */ = {isa = PBXFileReference; lastKnownFileType = sourcecode.swift; path = CustomTableView.swift; sourceTree = "<group>"; };
		550BDFB85DBF43C486BF9E69 /* Views/TimerView.swift */ = {isa = PBXFileReference; lastKnownFileType = sourcecode.swift; path = TimerView.swift; sourceTree = "<group>"; };
		73EF9FAE5CEA40FA89AE8BB8 /* Views/SettingsView.swift */ = {isa = PBXFileReference; lastKnownFileType = sourcecode.swift; path = SettingsView.swift; sourceTree = "<group>"; };
		EA166D69C658425EA45C8093 /* en.lproj/Localizable.strings */ = {isa = PBXFileReference; lastKnownFileType = text.plist.strings; name = Localizable.strings; path = en.lproj/Localizable.strings; sourceTree = "<group>"; };
		9157971B12C844E0A0355DB4 /* pl.lproj/Localizable.strings */ = {isa = PBXFileReference; lastKnownFileType = text.plist.strings; name = Localizable.strings; path = pl.lproj/Localizable.strings; sourceTree = "<group>"; };
		63DF5290ED4F4F38AAB337F1 /* sv.lproj/Localizable.strings */ = {isa = PBXFileReference; lastKnownFileType = text.plist.strings; name = Localizable.strings; path = sv.lproj/Localizable.strings; sourceTree = "<group>"; };
		C044C01750574F7C9D3D2B5E /* ru.lproj/Localizable.strings */ = {isa = PBXFileReference; lastKnownFileType = text.plist.strings; name = Localizable.strings; path = ru.lproj/Localizable.strings; sourceTree = "<group>"; };
		221797A5D819456595BC1ABA /* Assets.xcassets */ = {isa = PBXFileReference; lastKnownFileType = folder.assetcatalog; path = Assets.xcassets; sourceTree = "<group>"; };
		8AB940322FBD4D17AADB3663 /* Info.plist */ = {isa = PBXFileReference; lastKnownFileType = text.plist.xml; path = Info.plist; sourceTree = "<group>"; };
/* End PBXFileReference section */

/* Begin PBXFrameworksBuildPhase section */
		C3B3C92395C943A89172F9CD /* Frameworks */ = {
			isa = PBXFrameworksBuildPhase;
			buildActionMask = 2147483647;
			files = (
			);
			runOnlyForDeploymentPostprocessing = 0;
		};
/* End PBXFrameworksBuildPhase section */

/* Begin PBXGroup section */
		CBEB0A7787594D6396A58444 = {
			isa = PBXGroup;
			children = (
				AADEA3A6F48446BA99AA547F /* ApneaTrainer */,
				D45666A928AD4D5C97D826E8 /* Products */,
			);
			sourceTree = "<group>";
		};
		AADEA3A6F48446BA99AA547F /* ApneaTrainer */ = {
			isa = PBXGroup;
			children = (
				BE2FEF8DD56C44EEB9BC8596 /* ApneaTrainerApp.swift */,
				C73EBD98D9264F4BB78665C9 /* ContentView.swift */,
				579B386B2B454A7296387F5E /* Models */,
				FF074A8874164793BF7FE527 /* Views */,
				EA166D69C658425EA45C8093 /* en.lproj/Localizable.strings */,
				9157971B12C844E0A0355DB4 /* pl.lproj/Localizable.strings */,
				63DF5290ED4F4F38AAB337F1 /* sv.lproj/Localizable.strings */,
				C044C01750574F7C9D3D2B5E /* ru.lproj/Localizable.strings */,
				221797A5D819456595BC1ABA /* Assets.xcassets */,
			);
			path = ApneaTrainer;
			sourceTree = "<group>";
		};
		579B386B2B454A7296387F5E /* Models */ = {
			isa = PBXGroup;
			children = (
				DB0412A0E9F74302A81C677B /* Models/TrainingTable.swift */,
				51B810B79BD84CC98A0CC5D6 /* Models/TimerManager.swift */,
			);
			path = Models;
			sourceTree = "<group>";
		};
		FF074A8874164793BF7FE527 /* Views */ = {
			isa = PBXGroup;
			children = (
				61ABC86C8C22478F941209BC /* Views/HomeView.swift */,
				CD010FC939904872AF64B5B0 /* Views/TablesView.swift */,
				9576F1906E234E86A2D33097 /* Views/CustomTableView.swift */,
				550BDFB85DBF43C486BF9E69 /* Views/TimerView.swift */,
				73EF9FAE5CEA40FA89AE8BB8 /* Views/SettingsView.swift */,
			);
			path = Views;
			sourceTree = "<group>";
		};
		D45666A928AD4D5C97D826E8 /* Products */ = {
			isa = PBXGroup;
			children = (
				564B8C0DD2464F179D67E39E /* ApneaTrainer.app */,
			);
			name = Products;
			sourceTree = "<group>";
		};
/* End PBXGroup section */

/* Begin PBXNativeTarget section */
		2E9007CA7E2C4E97AB37D070 /* ApneaTrainer */ = {
			isa = PBXNativeTarget;
			buildConfigurationList = AFD72F0558E14F839A4F6C16 /* Build configuration list for PBXNativeTarget "ApneaTrainer" */;
			buildPhases = (
				4C5077F3C469410EBA503750 /* Sources */,
				C3B3C92395C943A89172F9CD /* Frameworks */,
				43CAF28A765C444DA9D33CDE /* Resources */,
			);
			buildRules = (
			);
			dependencies = (
			);
			name = ApneaTrainer;
			productName = ApneaTrainer;
			productReference = 564B8C0DD2464F179D67E39E /* ApneaTrainer.app */;
			productType = "com.apple.product-type.application";
		};
/* End PBXNativeTarget section */

/* Begin PBXProject section */
		9659DB8F44744F5AA5D7A87E /* Project object */ = {
			isa = PBXProject;
			attributes = {
				BuildIndependentTargetsInParallel = 1;
				LastSwiftUpdateCheck = 1500;
				LastUpgradeCheck = 1500;
			};
			buildConfigurationList = F8D2DE68F6E14B65A6E7F557 /* Build configuration list for PBXProject "ApneaTrainer" */;
			compatibilityVersion = "Xcode 14.0";
			developmentRegion = en;
			hasScannedForEncodings = 0;
			knownRegions = (
				en,
				Base,
				pl,
				sv,
				ru,
			);
			mainGroup = CBEB0A7787594D6396A58444;
			productRefGroup = D45666A928AD4D5C97D826E8 /* Products */;
			projectDirPath = "";
			projectRoot = "";
			targets = (
				2E9007CA7E2C4E97AB37D070 /* ApneaTrainer */,
			);
		};
/* End PBXProject section */

/* Begin PBXResourcesBuildPhase section */
		43CAF28A765C444DA9D33CDE /* Resources */ = {
			isa = PBXResourcesBuildPhase;
			buildActionMask = 2147483647;
			files = (
				FAD5C40F6B87472EA50203C5 /* en.lproj/Localizable.strings in Resources */,
				28162B6ED8D4417FA560DD07 /* pl.lproj/Localizable.strings in Resources */,
				B47A1FA23A544D408D0D8032 /* sv.lproj/Localizable.strings in Resources */,
				F2B1D22763BE4D95A937A2C9 /* ru.lproj/Localizable.strings in Resources */,
				65FD4C31CEBE40A19306581C /* Assets.xcassets in Resources */,
			);
			runOnlyForDeploymentPostprocessing = 0;
		};
/* End PBXResourcesBuildPhase section */

/* Begin PBXSourcesBuildPhase section */
		4C5077F3C469410EBA503750 /* Sources */ = {
			isa = PBXSourcesBuildPhase;
			buildActionMask = 2147483647;
			files = (
				5239CA9A0B934F30AD80F91A /* ApneaTrainerApp.swift in Sources */,
				7DB54D2D8C484F48AB9585A8 /* ContentView.swift in Sources */,
				2C7A891A54EB44FDBC6905C7 /* Models/TrainingTable.swift in Sources */,
				725AE6320C1E43B9B244F070 /* Models/TimerManager.swift in Sources */,
				BE99447FE76F40F5B8B73C4A /* Views/HomeView.swift in Sources */,
				B3BED018FD4B497B81FDF8F0 /* Views/TablesView.swift in Sources */,
				7D32114DEC224970B5F6D5F2 /* Views/CustomTableView.swift in Sources */,
				C676D9952F0E45309D646D7E /* Views/TimerView.swift in Sources */,
				039A43F3A5444E6EA17CB579 /* Views/SettingsView.swift in Sources */,
			);
			runOnlyForDeploymentPostprocessing = 0;
		};
/* End PBXSourcesBuildPhase section */

/* Begin XCBuildConfiguration section */
		4A1B7D18F60F4F5E8D16DC67 /* Debug */ = {
			isa = XCBuildConfiguration;
			buildSettings = {
				ALWAYS_SEARCH_USER_PATHS = NO;
				CLANG_ANALYZER_NONNULL = YES;
				CLANG_CXX_LANGUAGE_STANDARD = "gnu++20";
				CLANG_ENABLE_MODULES = YES;
				CLANG_ENABLE_OBJC_ARC = YES;
				COPY_PHASE_STRIP = NO;
				DEBUG_INFORMATION_FORMAT = dwarf;
				ENABLE_STRICT_OBJC_MSGSEND = YES;
				ENABLE_TESTABILITY = YES;
				GCC_DYNAMIC_NO_PIC = NO;
				GCC_OPTIMIZATION_LEVEL = 0;
				GCC_PREPROCESSOR_DEFINITIONS = ("DEBUG=1", "$(inherited)",);
				IPHONEOS_DEPLOYMENT_TARGET = 15.0;
				MTL_ENABLE_DEBUG_INFO = INCLUDE_SOURCE;
				ONLY_ACTIVE_ARCH = YES;
				SDKROOT = iphoneos;
				SWIFT_ACTIVE_COMPILATION_CONDITIONS = DEBUG;
				SWIFT_OPTIMIZATION_LEVEL = "-Onone";
			};
			name = Debug;
		};
		AFA112C6C0D84D4DAAA57D72 /* Release */ = {
			isa = XCBuildConfiguration;
			buildSettings = {
				ALWAYS_SEARCH_USER_PATHS = NO;
				CLANG_ANALYZER_NONNULL = YES;
				CLANG_CXX_LANGUAGE_STANDARD = "gnu++20";
				CLANG_ENABLE_MODULES = YES;
				CLANG_ENABLE_OBJC_ARC = YES;
				COPY_PHASE_STRIP = NO;
				DEBUG_INFORMATION_FORMAT = "dwarf-with-dsym";
				ENABLE_NS_ASSERTIONS = NO;
				ENABLE_STRICT_OBJC_MSGSEND = YES;
				IPHONEOS_DEPLOYMENT_TARGET = 15.0;
				MTL_ENABLE_DEBUG_INFO = NO;
				SDKROOT = iphoneos;
				SWIFT_COMPILATION_MODE = wholemodule;
				SWIFT_OPTIMIZATION_LEVEL = "-O";
				VALIDATE_PRODUCT = YES;
			};
			name = Release;
		};
		EBB617C8B80946488990A251 /* Debug */ = {
			isa = XCBuildConfiguration;
			buildSettings = {
				ASSETCATALOG_COMPILER_APPICON_NAME = AppIcon;
				CODE_SIGN_STYLE = Automatic;
				INFOPLIST_FILE = ApneaTrainer/Info.plist;
				INFOPLIST_KEY_CFBundleDisplayName = "Apnea Trainer";
				INFOPLIST_KEY_UIApplicationSceneManifest_Generation = YES;
				INFOPLIST_KEY_UIApplicationSupportsIndirectInputEvents = YES;
				INFOPLIST_KEY_UILaunchScreen_Generation = YES;
				INFOPLIST_KEY_UISupportedInterfaceOrientations_iPhone = "UIInterfaceOrientationPortrait UIInterfaceOrientationPortraitUpsideDown";
				IPHONEOS_DEPLOYMENT_TARGET = 15.0;
				LD_RUNPATH_SEARCH_PATHS = ("$(inherited)", "@executable_path/Frameworks",);
				PRODUCT_BUNDLE_IDENTIFIER = com.apneatrainer.app;
				PRODUCT_NAME = "$(TARGET_NAME)";
				SDKROOT = iphoneos;
				SWIFT_EMIT_LOC_STRINGS = YES;
				SWIFT_VERSION = 5.0;
				TARGETED_DEVICE_FAMILY = 1;
			};
			name = Debug;
		};
		28D200E7039F4424BEFF1EAD /* Release */ = {
			isa = XCBuildConfiguration;
			buildSettings = {
				ASSETCATALOG_COMPILER_APPICON_NAME = AppIcon;
				CODE_SIGN_STYLE = Automatic;
				INFOPLIST_FILE = ApneaTrainer/Info.plist;
				INFOPLIST_KEY_CFBundleDisplayName = "Apnea Trainer";
				INFOPLIST_KEY_UIApplicationSceneManifest_Generation = YES;
				INFOPLIST_KEY_UIApplicationSupportsIndirectInputEvents = YES;
				INFOPLIST_KEY_UILaunchScreen_Generation = YES;
				INFOPLIST_KEY_UISupportedInterfaceOrientations_iPhone = "UIInterfaceOrientationPortrait UIInterfaceOrientationPortraitUpsideDown";
				IPHONEOS_DEPLOYMENT_TARGET = 15.0;
				LD_RUNPATH_SEARCH_PATHS = ("$(inherited)", "@executable_path/Frameworks",);
				PRODUCT_BUNDLE_IDENTIFIER = com.apneatrainer.app;
				PRODUCT_NAME = "$(TARGET_NAME)";
				SDKROOT = iphoneos;
				SWIFT_EMIT_LOC_STRINGS = YES;
				SWIFT_VERSION = 5.0;
				TARGETED_DEVICE_FAMILY = 1;
			};
			name = Release;
		};
/* End XCBuildConfiguration section */

/* Begin XCConfigurationList section */
		F8D2DE68F6E14B65A6E7F557 /* Build configuration list for PBXProject "ApneaTrainer" */ = {
			isa = XCConfigurationList;
			buildConfigurations = (
				4A1B7D18F60F4F5E8D16DC67 /* Debug */,
				AFA112C6C0D84D4DAAA57D72 /* Release */,
			);
			defaultConfigurationIsVisible = 0;
			defaultConfigurationName = Release;
		};
		AFD72F0558E14F839A4F6C16 /* Build configuration list for PBXNativeTarget "ApneaTrainer" */ = {
			isa = XCConfigurationList;
			buildConfigurations = (
				EBB617C8B80946488990A251 /* Debug */,
				28D200E7039F4424BEFF1EAD /* Release */,
			);
			defaultConfigurationIsVisible = 0;
			defaultConfigurationName = Release;
		};
/* End XCConfigurationList section */

	};
	rootObject = 9659DB8F44744F5AA5D7A87E /* Project object */;
}