// !$*UTF8*$!
{
	archiveVersion = 1;
	classes = {
	};
	objectVersion = 54;
	objects = {

/* Begin PBXBuildFile section */
		7FD69C1134664873998CA3A3 /* ApneaTrainerApp.swift in Sources */ = {isa = PBXBuildFile; fileRef = E9704AF350A2414D91D6DF7B /* ApneaTrainerApp.swift */; };
		BABA10A91DD8436981A82C37 /* ContentView.swift in Sources */ = {isa = PBXBuildFile; fileRef = 66E93EBCAD794063B4082726 /* ContentView.swift */; };
		93230ACE45E44E8896D17744 /* Models/TrainingTable.swift in Sources */ = {isa = PBXBuildFile; fileRef = 8E92CDDEDC5845F2ADA84F29 /* Models/TrainingTable.swift */; };
		86AF4C1AFE47417EB6BDD4BD /* Models/TimerManager.swift in Sources */ = {isa = PBXBuildFile; fileRef = 80078F5FE1E44F90B46C78BA /* Models/TimerManager.swift */; };
		72E95BE008EC49968E5DAAEA /* Models/Localization.swift in Sources */ = {isa = PBXBuildFile; fileRef = C802A28EAA0F4179B7328CF9 /* Models/Localization.swift */; };
		5F00560199F546879A3480EC /* Views/HomeView.swift in Sources */ = {isa = PBXBuildFile; fileRef = 687E96932A7742B6BC19C777 /* Views/HomeView.swift */; };
		CAA49E5E3FF24B0E831ADD3A /* Views/TablesView.swift in Sources */ = {isa = PBXBuildFile; fileRef = 35630072E0CF43A7A4B40FA5 /* Views/TablesView.swift */; };
		8C144FE8F25E4E75A305127D /* Views/CustomTableView.swift in Sources */ = {isa = PBXBuildFile; fileRef = 14E35622617D463FB77BF45C /* Views/CustomTableView.swift */; };
		6E9569F7E5AD41E69B31FC29 /* Views/TimerView.swift in Sources */ = {isa = PBXBuildFile; fileRef = BC9F479DD9E14D54AB8FA490 /* Views/TimerView.swift */; };
		296E676A6AD0428E8BEF5FF0 /* Views/SettingsView.swift in Sources */ = {isa = PBXBuildFile; fileRef = 14ACE6818AD741A194642A75 /* Views/SettingsView.swift */; };
		783BFEBA40A54724B2798849 /* en.lproj/Localizable.strings in Resources */ = {isa = PBXBuildFile; fileRef = 08EB7E8E09BD4B019E32CC04 /* en.lproj/Localizable.strings */; };
		151ABEE033A44CAC9F1462FB /* pl.lproj/Localizable.strings in Resources */ = {isa = PBXBuildFile; fileRef = 967D7D4FE4D34E42ACFED44B /* pl.lproj/Localizable.strings */; };
		3582CB2ABDE74F4C8BB145FA /* sv.lproj/Localizable.strings in Resources */ = {isa = PBXBuildFile; fileRef = FAE54BF24DA542EB9B05D678 /* sv.lproj/Localizable.strings */; };
		F761C30CA5784B21939F0803 /* ru.lproj/Localizable.strings in Resources */ = {isa = PBXBuildFile; fileRef = 6BDFEED6A79046F0BAC4F36D /* ru.lproj/Localizable.strings */; };
		36D0DE9E98954A39A4FEFBF3 /* Assets.xcassets in Resources */ = {isa = PBXBuildFile; fileRef = 8C239B769F6B4D9BBC483311 /* Assets.xcassets */; };
		61523B2DF6A94671BD3D3424 /* Info.plist in Sources */ = {isa = PBXBuildFile; fileRef = 0D34B33623B74AFE95EE0709 /* Info.plist */; };
/* End PBXBuildFile section */

/* Begin PBXFileReference section */
		2875F2119A884A27BF7CF874 /* ApneaTrainer.app */ = {isa = PBXFileReference; explicitFileType = wrapper.application; includeInIndex = 0; path = ApneaTrainer.app; sourceTree = BUILT_PRODUCTS_DIR; };
		E9704AF350A2414D91D6DF7B /* ApneaTrainerApp.swift */ = {isa = PBXFileReference; lastKnownFileType = sourcecode.swift; path = ApneaTrainerApp.swift; sourceTree = "<group>"; };
		66E93EBCAD794063B4082726 /* ContentView.swift */ = {isa = PBXFileReference; lastKnownFileType = sourcecode.swift; path = ContentView.swift; sourceTree = "<group>"; };
		8E92CDDEDC5845F2ADA84F29 /* Models/TrainingTable.swift */ = {isa = PBXFileReference; lastKnownFileType = sourcecode.swift; path = TrainingTable.swift; sourceTree = "<group>"; };
		80078F5FE1E44F90B46C78BA /* Models/TimerManager.swift */ = {isa = PBXFileReference; lastKnownFileType = sourcecode.swift; path = TimerManager.swift; sourceTree = "<group>"; };
		C802A28EAA0F4179B7328CF9 /* Models/Localization.swift */ = {isa = PBXFileReference; lastKnownFileType = sourcecode.swift; path = Localization.swift; sourceTree = "<group>"; };
		687E96932A7742B6BC19C777 /* Views/HomeView.swift */ = {isa = PBXFileReference; lastKnownFileType = sourcecode.swift; path = HomeView.swift; sourceTree = "<group>"; };
		35630072E0CF43A7A4B40FA5 /* Views/TablesView.swift */ = {isa = PBXFileReference; lastKnownFileType = sourcecode.swift; path = TablesView.swift; sourceTree = "<group>"; };
		14E35622617D463FB77BF45C /* Views/CustomTableView.swift */ = {isa = PBXFileReference; lastKnownFileType = sourcecode.swift; path = CustomTableView.swift; sourceTree = "<group>"; };
		BC9F479DD9E14D54AB8FA490 /* Views/TimerView.swift */ = {isa = PBXFileReference; lastKnownFileType = sourcecode.swift; path = TimerView.swift; sourceTree = "<group>"; };
		14ACE6818AD741A194642A75 /* Views/SettingsView.swift */ = {isa = PBXFileReference; lastKnownFileType = sourcecode.swift; path = SettingsView.swift; sourceTree = "<group>"; };
		08EB7E8E09BD4B019E32CC04 /* en.lproj/Localizable.strings */ = {isa = PBXFileReference; lastKnownFileType = text.plist.strings; name = Localizable.strings; path = en.lproj/Localizable.strings; sourceTree = "<group>"; };
		967D7D4FE4D34E42ACFED44B /* pl.lproj/Localizable.strings */ = {isa = PBXFileReference; lastKnownFileType = text.plist.strings; name = Localizable.strings; path = pl.lproj/Localizable.strings; sourceTree = "<group>"; };
		FAE54BF24DA542EB9B05D678 /* sv.lproj/Localizable.strings */ = {isa = PBXFileReference; lastKnownFileType = text.plist.strings; name = Localizable.strings; path = sv.lproj/Localizable.strings; sourceTree = "<group>"; };
		6BDFEED6A79046F0BAC4F36D /* ru.lproj/Localizable.strings */ = {isa = PBXFileReference; lastKnownFileType = text.plist.strings; name = Localizable.strings; path = ru.lproj/Localizable.strings; sourceTree = "<group>"; };
		8C239B769F6B4D9BBC483311 /* Assets.xcassets */ = {isa = PBXFileReference; lastKnownFileType = folder.assetcatalog; path = Assets.xcassets; sourceTree = "<group>"; };
		0D34B33623B74AFE95EE0709 /* Info.plist */ = {isa = PBXFileReference; lastKnownFileType = text.plist.xml; path = Info.plist; sourceTree = "<group>"; };
/* End PBXFileReference section */

/* Begin PBXFrameworksBuildPhase section */
		38EC8A2736B349CE8C4FF1FC /* Frameworks */ = {
			isa = PBXFrameworksBuildPhase;
			buildActionMask = 2147483647;
			files = (
			);
			runOnlyForDeploymentPostprocessing = 0;
		};
/* End PBXFrameworksBuildPhase section */

/* Begin PBXGroup section */
		0D17C32CCF8F4E0CA7EAC344 = {
			isa = PBXGroup;
			children = (
				B4FB5B6E6F8F4DBF9F2CDFE1 /* ApneaTrainer */,
				E48D6B3E815B42E3A1D2B9C7 /* Products */,
			);
			sourceTree = "<group>";
		};
		B4FB5B6E6F8F4DBF9F2CDFE1 /* ApneaTrainer */ = {
			isa = PBXGroup;
			children = (
				E9704AF350A2414D91D6DF7B /* ApneaTrainerApp.swift */,
				66E93EBCAD794063B4082726 /* ContentView.swift */,
				0D34B33623B74AFE95EE0709 /* Info.plist */,
				029DF4F257D448E599438B64 /* Models */,
				1572A30A7E87430E97B59B86 /* Views */,
				08EB7E8E09BD4B019E32CC04 /* en.lproj/Localizable.strings */,
				967D7D4FE4D34E42ACFED44B /* pl.lproj/Localizable.strings */,
				FAE54BF24DA542EB9B05D678 /* sv.lproj/Localizable.strings */,
				6BDFEED6A79046F0BAC4F36D /* ru.lproj/Localizable.strings */,
				8C239B769F6B4D9BBC483311 /* Assets.xcassets */,
			);
			path = ApneaTrainer;
			sourceTree = "<group>";
		};
		029DF4F257D448E599438B64 /* Models */ = {
			isa = PBXGroup;
			children = (
				8E92CDDEDC5845F2ADA84F29 /* Models/TrainingTable.swift */,
				80078F5FE1E44F90B46C78BA /* Models/TimerManager.swift */,
				C802A28EAA0F4179B7328CF9 /* Models/Localization.swift */,
			);
			path = Models;
			sourceTree = "<group>";
		};
		1572A30A7E87430E97B59B86 /* Views */ = {
			isa = PBXGroup;
			children = (
				687E96932A7742B6BC19C777 /* Views/HomeView.swift */,
				35630072E0CF43A7A4B40FA5 /* Views/TablesView.swift */,
				14E35622617D463FB77BF45C /* Views/CustomTableView.swift */,
				BC9F479DD9E14D54AB8FA490 /* Views/TimerView.swift */,
				14ACE6818AD741A194642A75 /* Views/SettingsView.swift */,
			);
			path = Views;
			sourceTree = "<group>";
		};
		E48D6B3E815B42E3A1D2B9C7 /* Products */ = {
			isa = PBXGroup;
			children = (
				2875F2119A884A27BF7CF874 /* ApneaTrainer.app */,
			);
			name = Products;
			sourceTree = "<group>";
		};
/* End PBXGroup section */

/* Begin PBXNativeTarget section */
		517DAE59B8A64D7E93158FA6 /* ApneaTrainer */ = {
			isa = PBXNativeTarget;
			buildConfigurationList = 5E91FFE2C7DE4DF99AAD0CE8;
			buildPhases = (
				205A1EEF6C114583A545584C /* Sources */,
				38EC8A2736B349CE8C4FF1FC /* Frameworks */,
				27A0C814A7944D60BE6FA134 /* Resources */,
			);
			buildRules = (
			);
			dependencies = (
			);
			name = ApneaTrainer;
			productName = ApneaTrainer;
			productReference = 2875F2119A884A27BF7CF874 /* ApneaTrainer.app */;
			productType = "com.apple.product-type.application";
		};
/* End PBXNativeTarget section */

/* Begin PBXProject section */
		8D94AA74C522476A964A3625 /* Project object */ = {
			isa = PBXProject;
			attributes = {
				BuildIndependentTargetsInParallel = 1;
				LastSwiftUpdateCheck = 1500;
				LastUpgradeCheck = 1500;
			};
			buildConfigurationList = 757568B277CF4A7F9A4AA7C4;
			compatibilityVersion = "Xcode 14.0";
			developmentRegion = en;
			hasScannedForEncodings = 0;
			knownRegions = (en, Base, pl, sv, ru);
			mainGroup = 0D17C32CCF8F4E0CA7EAC344;
			productRefGroup = E48D6B3E815B42E3A1D2B9C7 /* Products */;
			projectDirPath = "";
			projectRoot = "";
			targets = (
				517DAE59B8A64D7E93158FA6 /* ApneaTrainer */,
			);
		};
/* End PBXProject section */

/* Begin PBXResourcesBuildPhase section */
		27A0C814A7944D60BE6FA134 /* Resources */ = {
			isa = PBXResourcesBuildPhase;
			buildActionMask = 2147483647;
			files = (
				783BFEBA40A54724B2798849 /* en.lproj/Localizable.strings in Resources */,
				151ABEE033A44CAC9F1462FB /* pl.lproj/Localizable.strings in Resources */,
				3582CB2ABDE74F4C8BB145FA /* sv.lproj/Localizable.strings in Resources */,
				F761C30CA5784B21939F0803 /* ru.lproj/Localizable.strings in Resources */,
				36D0DE9E98954A39A4FEFBF3 /* Assets.xcassets in Resources */,
			);
			runOnlyForDeploymentPostprocessing = 0;
		};
/* End PBXResourcesBuildPhase section */

/* Begin PBXSourcesBuildPhase section */
		205A1EEF6C114583A545584C /* Sources */ = {
			isa = PBXSourcesBuildPhase;
			buildActionMask = 2147483647;
			files = (
				7FD69C1134664873998CA3A3 /* ApneaTrainerApp.swift in Sources */,
				BABA10A91DD8436981A82C37 /* ContentView.swift in Sources */,
				93230ACE45E44E8896D17744 /* Models/TrainingTable.swift in Sources */,
				86AF4C1AFE47417EB6BDD4BD /* Models/TimerManager.swift in Sources */,
				72E95BE008EC49968E5DAAEA /* Models/Localization.swift in Sources */,
				5F00560199F546879A3480EC /* Views/HomeView.swift in Sources */,
				CAA49E5E3FF24B0E831ADD3A /* Views/TablesView.swift in Sources */,
				8C144FE8F25E4E75A305127D /* Views/CustomTableView.swift in Sources */,
				6E9569F7E5AD41E69B31FC29 /* Views/TimerView.swift in Sources */,
				296E676A6AD0428E8BEF5FF0 /* Views/SettingsView.swift in Sources */,
				61523B2DF6A94671BD3D3424 /* Info.plist in Sources */,
			);
			runOnlyForDeploymentPostprocessing = 0;
		};
/* End PBXSourcesBuildPhase section */

/* Begin XCBuildConfiguration section */
		6B5203C706C340A0822C1BE6 /* Debug */ = {
			isa = XCBuildConfiguration;
			buildSettings = {
				ALWAYS_SEARCH_USER_PATHS = NO;
				CLANG_ANALYZER_NONNULL = YES;
				CLANG_CXX_LANGUAGE_STANDARD = "gnu++20";
				CLANG_ENABLE_MODULES = YES;
				CLANG_ENABLE_OBJC_ARC = YES;
				COPY_PHASE_STRIP = NO;
				ENABLE_STRICT_OBJC_MSGSEND = YES;
				IPHONEOS_DEPLOYMENT_TARGET = 15.0;
				SDKROOT = iphoneos;
				DEBUG_INFORMATION_FORMAT = dwarf;
				ENABLE_TESTABILITY = YES;
				GCC_DYNAMIC_NO_PIC = NO;
				GCC_OPTIMIZATION_LEVEL = 0;
				GCC_PREPROCESSOR_DEFINITIONS = ("DEBUG=1", "$(inherited)");
				MTL_ENABLE_DEBUG_INFO = INCLUDE_SOURCE;
				ONLY_ACTIVE_ARCH = YES;
				SWIFT_ACTIVE_COMPILATION_CONDITIONS = DEBUG;
				SWIFT_OPTIMIZATION_LEVEL = "-Onone";
			};
			name = Debug;
		};
		D7FD203139DB4CB68AECBC73 /* Release */ = {
			isa = XCBuildConfiguration;
			buildSettings = {
				ALWAYS_SEARCH_USER_PATHS = NO;
				CLANG_ANALYZER_NONNULL = YES;
				CLANG_CXX_LANGUAGE_STANDARD = "gnu++20";
				CLANG_ENABLE_MODULES = YES;
				CLANG_ENABLE_OBJC_ARC = YES;
				COPY_PHASE_STRIP = NO;
				ENABLE_STRICT_OBJC_MSGSEND = YES;
				IPHONEOS_DEPLOYMENT_TARGET = 15.0;
				SDKROOT = iphoneos;
				DEBUG_INFORMATION_FORMAT = "dwarf-with-dsym";
				ENABLE_NS_ASSERTIONS = NO;
				MTL_ENABLE_DEBUG_INFO = NO;
				SWIFT_COMPILATION_MODE = wholemodule;
				SWIFT_OPTIMIZATION_LEVEL = "-O";
				VALIDATE_PRODUCT = YES;
			};
			name = Release;
		};
		D385E0A17C86422EB0E17643 /* Debug */ = {
			isa = XCBuildConfiguration;
			buildSettings = {
				ASSETCATALOG_COMPILER_APPICON_NAME = AppIcon;
				CODE_SIGN_STYLE = Automatic;
				INFOPLIST_FILE = ApneaTrainer/Info.plist;
				INFOPLIST_KEY_CFBundleDisplayName = "Apnea Trainer";
				INFOPLIST_KEY_UIApplicationSceneManifest_Generation = YES;
				INFOPLIST_KEY_UIApplicationSupportsIndirectInputEvents = YES;
				INFOPLIST_KEY_UILaunchScreen_Generation = YES;
				INFOPLIST_KEY_UISupportedInterfaceOrientations_iPhone = "UIInterfaceOrientationPortrait UIInterfaceOrientationPortraitUpsideDown";
				IPHONEOS_DEPLOYMENT_TARGET = 15.0;
				LD_RUNPATH_SEARCH_PATHS = ("$(inherited)", "@executable_path/Frameworks");
				PRODUCT_BUNDLE_IDENTIFIER = com.apneatrainer.app;
				PRODUCT_NAME = "$(TARGET_NAME)";
				SDKROOT = iphoneos;
				SWIFT_EMIT_LOC_STRINGS = YES;
				SWIFT_VERSION = 5.0;
				TARGETED_DEVICE_FAMILY = 1;
			};
			name = Debug;
		};
		EF0BDC1908974631BEA32803 /* Release */ = {
			isa = XCBuildConfiguration;
			buildSettings = {
				ASSETCATALOG_COMPILER_APPICON_NAME = AppIcon;
				CODE_SIGN_STYLE = Automatic;
				INFOPLIST_FILE = ApneaTrainer/Info.plist;
				INFOPLIST_KEY_CFBundleDisplayName = "Apnea Trainer";
				INFOPLIST_KEY_UIApplicationSceneManifest_Generation = YES;
				INFOPLIST_KEY_UIApplicationSupportsIndirectInputEvents = YES;
				INFOPLIST_KEY_UILaunchScreen_Generation = YES;
				INFOPLIST_KEY_UISupportedInterfaceOrientations_iPhone = "UIInterfaceOrientationPortrait UIInterfaceOrientationPortraitUpsideDown";
				IPHONEOS_DEPLOYMENT_TARGET = 15.0;
				LD_RUNPATH_SEARCH_PATHS = ("$(inherited)", "@executable_path/Frameworks");
				PRODUCT_BUNDLE_IDENTIFIER = com.apneatrainer.app;
				PRODUCT_NAME = "$(TARGET_NAME)";
				SDKROOT = iphoneos;
				SWIFT_EMIT_LOC_STRINGS = YES;
				SWIFT_VERSION = 5.0;
				TARGETED_DEVICE_FAMILY = 1;
			};
			name = Release;
		};
/* End XCBuildConfiguration section */

/* Begin XCConfigurationList section */
		757568B277CF4A7F9A4AA7C4 /* Build configuration list for PBXProject "ApneaTrainer" */ = {
			isa = XCConfigurationList;
			buildConfigurations = (
				6B5203C706C340A0822C1BE6 /* Debug */,
				D7FD203139DB4CB68AECBC73 /* Release */,
			);
			defaultConfigurationIsVisible = 0;
			defaultConfigurationName = Release;
		};
		5E91FFE2C7DE4DF99AAD0CE8 /* Build configuration list for PBXNativeTarget "ApneaTrainer" */ = {
			isa = XCConfigurationList;
			buildConfigurations = (
				D385E0A17C86422EB0E17643 /* Debug */,
				EF0BDC1908974631BEA32803 /* Release */,
			);
			defaultConfigurationIsVisible = 0;
			defaultConfigurationName = Release;
		};
/* End XCConfigurationList section */
	};
	rootObject = 8D94AA74C522476A964A3625 /* Project object */;
}